
Microsoft Visual Studio Solution File, Format Version 12.00
# Visual Studio Version 17
VisualStudioVersion = 17.6.33801.468
MinimumVisualStudioVersion = 10.0.40219.1
Project("{FAE04EC0-301F-11D3-BF4B-00C04F79EFBC}") = "Guessing Game", "Guessing Game\Guessing Game.csproj", "{01406000-ED26-41D3-8E07-050DEED549F0}"
EndProject
Global
	GlobalSection(SolutionConfigurationPlatforms) = preSolution
		Debug|Any CPU = Debug|Any CPU
		Release|Any CPU = Release|Any CPU
	EndGlobalSection
	GlobalSection(ProjectConfigurationPlatforms) = postSolution
		{01406000-ED26-41D3-8E07-050DEED549F0}.Debug|Any CPU.ActiveCfg = Debug|Any CPU
		{01406000-ED26-41D3-8E07-050DEED549F0}.Debug|Any CPU.Build.0 = Debug|Any CPU
		{01406000-ED26-41D3-8E07-050DEED549F0}.Release|Any CPU.ActiveCfg = Release|Any CPU
		{01406000-ED26-41D3-8E07-050DEED549F0}.Release|Any CPU.Build.0 = Release|Any CPU
	EndGlobalSection
	GlobalSection(SolutionProperties) = preSolution
		HideSolutionNode = FALSE
	EndGlobalSection
	GlobalSection(ExtensibilityGlobals) = postSolution
		SolutionGuid = {7BF34335-0F7D-41BF-9C39-9D9AB2933782}
	EndGlobalSection
EndGlobal
